# THIS IS AN AUTOGENERATED FILE. DO NOT EDIT THIS FILE DIRECTLY.
# yarn lockfile v1


ng-inline-svg@^9.1.0:
  version "9.1.0"
  resolved "https://registry.yarnpkg.com/ng-inline-svg/-/ng-inline-svg-9.1.0.tgz#28d77d2fcf7f63ba5cdf158314fd3c754e163bad"
  integrity sha512-EE7HLO6x+LoagW05mZ7DOWnL2pvsPeHlMVS7odd9F6xXJjlaaBjYQJHqAtl/2s4Pm98QHkuoay44VOLXSHHBgQ==
